
Microsoft Visual Studio Solution File, Format Version 12.00
# Visual Studio Version 16
VisualStudioVersion = 16.0.30406.217
MinimumVisualStudioVersion = 10.0.40219.1
Project("{FAE04EC0-301F-11D3-BF4B-00C04F79EFBC}") = "ShoppingOnlineConsole", "ShoppingOnlineConsole\ShoppingOnlineConsole.csproj", "{BCC46C7B-FBFD-49B1-9E6D-8040AA0D7300}"
EndProject
Project("{FAE04EC0-301F-11D3-BF4B-00C04F79EFBC}") = "Contracts", "Contracts\Contracts.csproj", "{94C0B207-DB91-4825-A002-E6F912F0B38E}"
EndProject
Project("{FAE04EC0-301F-11D3-BF4B-00C04F79EFBC}") = "Entities", "Entities\Entities.csproj", "{5343FD10-4F2E-4EA0-8A14-D0CE167882FA}"
EndProject
Global
	GlobalSection(SolutionConfigurationPlatforms) = preSolution
		Debug|Any CPU = Debug|Any CPU
		Release|Any CPU = Release|Any CPU
	EndGlobalSection
	GlobalSection(ProjectConfigurationPlatforms) = postSolution
		{BCC46C7B-FBFD-49B1-9E6D-8040AA0D7300}.Debug|Any CPU.ActiveCfg = Debug|Any CPU
		{BCC46C7B-FBFD-49B1-9E6D-8040AA0D7300}.Debug|Any CPU.Build.0 = Debug|Any CPU
		{BCC46C7B-FBFD-49B1-9E6D-8040AA0D7300}.Release|Any CPU.ActiveCfg = Release|Any CPU
		{BCC46C7B-FBFD-49B1-9E6D-8040AA0D7300}.Release|Any CPU.Build.0 = Release|Any CPU
		{94C0B207-DB91-4825-A002-E6F912F0B38E}.Debug|Any CPU.ActiveCfg = Debug|Any CPU
		{94C0B207-DB91-4825-A002-E6F912F0B38E}.Debug|Any CPU.Build.0 = Debug|Any CPU
		{94C0B207-DB91-4825-A002-E6F912F0B38E}.Release|Any CPU.ActiveCfg = Release|Any CPU
		{94C0B207-DB91-4825-A002-E6F912F0B38E}.Release|Any CPU.Build.0 = Release|Any CPU
		{5343FD10-4F2E-4EA0-8A14-D0CE167882FA}.Debug|Any CPU.ActiveCfg = Debug|Any CPU
		{5343FD10-4F2E-4EA0-8A14-D0CE167882FA}.Debug|Any CPU.Build.0 = Debug|Any CPU
		{5343FD10-4F2E-4EA0-8A14-D0CE167882FA}.Release|Any CPU.ActiveCfg = Release|Any CPU
		{5343FD10-4F2E-4EA0-8A14-D0CE167882FA}.Release|Any CPU.Build.0 = Release|Any CPU
	EndGlobalSection
	GlobalSection(SolutionProperties) = preSolution
		HideSolutionNode = FALSE
	EndGlobalSection
	GlobalSection(ExtensibilityGlobals) = postSolution
		SolutionGuid = {D2BC2494-C6FC-4E4D-B18D-FB5D684686DC}
	EndGlobalSection
EndGlobal
